
Microsoft Visual Studio Solution File, Format Version 12.00
# Visual Studio 15
VisualStudioVersion = 15.0.27703.2047
MinimumVisualStudioVersion = 10.0.40219.1
Project("{FAE04EC0-301F-11D3-BF4B-00C04F79EFBC}") = "WPFApp", "WPFApp\WPFApp.csproj", "{14A62BFA-EAA2-4576-BDC6-464D5CC93EC3}"
EndProject
Project("{FAE04EC0-301F-11D3-BF4B-00C04F79EFBC}") = "DemoLibrary", "DemoLibrary\DemoLibrary.csproj", "{505EC98D-76C4-45AD-BD9E-49C78BADBA56}"
EndProject
Global
	GlobalSection(SolutionConfigurationPlatforms) = preSolution
		Debug|Any CPU = Debug|Any CPU
		Release|Any CPU = Release|Any CPU
	EndGlobalSection
	GlobalSection(ProjectConfigurationPlatforms) = postSolution
		{14A62BFA-EAA2-4576-BDC6-464D5CC93EC3}.Debug|Any CPU.ActiveCfg = Debug|Any CPU
		{14A62BFA-EAA2-4576-BDC6-464D5CC93EC3}.Debug|Any CPU.Build.0 = Debug|Any CPU
		{14A62BFA-EAA2-4576-BDC6-464D5CC93EC3}.Release|Any CPU.ActiveCfg = Release|Any CPU
		{14A62BFA-EAA2-4576-BDC6-464D5CC93EC3}.Release|Any CPU.Build.0 = Release|Any CPU
		{505EC98D-76C4-45AD-BD9E-49C78BADBA56}.Debug|Any CPU.ActiveCfg = Debug|Any CPU
		{505EC98D-76C4-45AD-BD9E-49C78BADBA56}.Debug|Any CPU.Build.0 = Debug|Any CPU
		{505EC98D-76C4-45AD-BD9E-49C78BADBA56}.Release|Any CPU.ActiveCfg = Release|Any CPU
		{505EC98D-76C4-45AD-BD9E-49C78BADBA56}.Release|Any CPU.Build.0 = Release|Any CPU
	EndGlobalSection
	GlobalSection(SolutionProperties) = preSolution
		HideSolutionNode = FALSE
	EndGlobalSection
	GlobalSection(ExtensibilityGlobals) = postSolution
		SolutionGuid = {CD74EBCB-29BC-4C41-973E-0B56480CE58A}
	EndGlobalSection
EndGlobal
