
Microsoft Visual Studio Solution File, Format Version 12.00
# Visual Studio Version 16
VisualStudioVersion = 16.0.29503.13
MinimumVisualStudioVersion = 10.0.40219.1
Project("{FAE04EC0-301F-11D3-BF4B-00C04F79EFBC}") = "XamarinApp.Android", "XamarinApp.Android\XamarinApp.Android.csproj", "{1C526CE9-6A27-4064-B5AF-4975BC8B638B}"
EndProject
Project("{FAE04EC0-301F-11D3-BF4B-00C04F79EFBC}") = "XamarinApp.iOS", "XamarinApp.iOS\XamarinApp.iOS.csproj", "{1980F9FE-F166-4473-B90D-F9FAA24F6B54}"
EndProject
Project("{9A19103F-16F7-4668-BE54-9A1E7A4F7556}") = "XamarinApp", "XamarinApp\XamarinApp.csproj", "{3DAB6E10-8607-43B8-9C57-78CEF6ED902B}"
EndProject
Global
	GlobalSection(SolutionConfigurationPlatforms) = preSolution
		Debug|Any CPU = Debug|Any CPU
		Debug|iPhone = Debug|iPhone
		Debug|iPhoneSimulator = Debug|iPhoneSimulator
		Release|Any CPU = Release|Any CPU
		Release|iPhone = Release|iPhone
		Release|iPhoneSimulator = Release|iPhoneSimulator
	EndGlobalSection
	GlobalSection(ProjectConfigurationPlatforms) = postSolution
		{1C526CE9-6A27-4064-B5AF-4975BC8B638B}.Debug|Any CPU.ActiveCfg = Debug|Any CPU
		{1C526CE9-6A27-4064-B5AF-4975BC8B638B}.Debug|Any CPU.Build.0 = Debug|Any CPU
		{1C526CE9-6A27-4064-B5AF-4975BC8B638B}.Debug|Any CPU.Deploy.0 = Debug|Any CPU
		{1C526CE9-6A27-4064-B5AF-4975BC8B638B}.Debug|iPhone.ActiveCfg = Debug|Any CPU
		{1C526CE9-6A27-4064-B5AF-4975BC8B638B}.Debug|iPhone.Build.0 = Debug|Any CPU
		{1C526CE9-6A27-4064-B5AF-4975BC8B638B}.Debug|iPhone.Deploy.0 = Debug|Any CPU
		{1C526CE9-6A27-4064-B5AF-4975BC8B638B}.Debug|iPhoneSimulator.ActiveCfg = Debug|Any CPU
		{1C526CE9-6A27-4064-B5AF-4975BC8B638B}.Debug|iPhoneSimulator.Build.0 = Debug|Any CPU
		{1C526CE9-6A27-4064-B5AF-4975BC8B638B}.Debug|iPhoneSimulator.Deploy.0 = Debug|Any CPU
		{1C526CE9-6A27-4064-B5AF-4975BC8B638B}.Release|Any CPU.ActiveCfg = Release|Any CPU
		{1C526CE9-6A27-4064-B5AF-4975BC8B638B}.Release|Any CPU.Build.0 = Release|Any CPU
		{1C526CE9-6A27-4064-B5AF-4975BC8B638B}.Release|Any CPU.Deploy.0 = Release|Any CPU
		{1C526CE9-6A27-4064-B5AF-4975BC8B638B}.Release|iPhone.ActiveCfg = Release|Any CPU
		{1C526CE9-6A27-4064-B5AF-4975BC8B638B}.Release|iPhone.Build.0 = Release|Any CPU
		{1C526CE9-6A27-4064-B5AF-4975BC8B638B}.Release|iPhone.Deploy.0 = Release|Any CPU
		{1C526CE9-6A27-4064-B5AF-4975BC8B638B}.Release|iPhoneSimulator.ActiveCfg = Release|Any CPU
		{1C526CE9-6A27-4064-B5AF-4975BC8B638B}.Release|iPhoneSimulator.Build.0 = Release|Any CPU
		{1C526CE9-6A27-4064-B5AF-4975BC8B638B}.Release|iPhoneSimulator.Deploy.0 = Release|Any CPU
		{1980F9FE-F166-4473-B90D-F9FAA24F6B54}.Debug|Any CPU.ActiveCfg = Debug|iPhoneSimulator
		{1980F9FE-F166-4473-B90D-F9FAA24F6B54}.Debug|Any CPU.Build.0 = Debug|iPhoneSimulator
		{1980F9FE-F166-4473-B90D-F9FAA24F6B54}.Debug|Any CPU.Deploy.0 = Debug|iPhoneSimulator
		{1980F9FE-F166-4473-B90D-F9FAA24F6B54}.Debug|iPhone.ActiveCfg = Debug|iPhone
		{1980F9FE-F166-4473-B90D-F9FAA24F6B54}.Debug|iPhone.Build.0 = Debug|iPhone
		{1980F9FE-F166-4473-B90D-F9FAA24F6B54}.Debug|iPhone.Deploy.0 = Debug|iPhone
		{1980F9FE-F166-4473-B90D-F9FAA24F6B54}.Debug|iPhoneSimulator.ActiveCfg = Debug|iPhoneSimulator
		{1980F9FE-F166-4473-B90D-F9FAA24F6B54}.Debug|iPhoneSimulator.Build.0 = Debug|iPhoneSimulator
		{1980F9FE-F166-4473-B90D-F9FAA24F6B54}.Debug|iPhoneSimulator.Deploy.0 = Debug|iPhoneSimulator
		{1980F9FE-F166-4473-B90D-F9FAA24F6B54}.Release|Any CPU.ActiveCfg = Release|iPhone
		{1980F9FE-F166-4473-B90D-F9FAA24F6B54}.Release|Any CPU.Build.0 = Release|iPhone
		{1980F9FE-F166-4473-B90D-F9FAA24F6B54}.Release|Any CPU.Deploy.0 = Release|iPhone
		{1980F9FE-F166-4473-B90D-F9FAA24F6B54}.Release|iPhone.ActiveCfg = Release|iPhone
		{1980F9FE-F166-4473-B90D-F9FAA24F6B54}.Release|iPhone.Build.0 = Release|iPhone
		{1980F9FE-F166-4473-B90D-F9FAA24F6B54}.Release|iPhone.Deploy.0 = Release|iPhone
		{1980F9FE-F166-4473-B90D-F9FAA24F6B54}.Release|iPhoneSimulator.ActiveCfg = Release|iPhoneSimulator
		{1980F9FE-F166-4473-B90D-F9FAA24F6B54}.Release|iPhoneSimulator.Build.0 = Release|iPhoneSimulator
		{1980F9FE-F166-4473-B90D-F9FAA24F6B54}.Release|iPhoneSimulator.Deploy.0 = Release|iPhoneSimulator
		{3DAB6E10-8607-43B8-9C57-78CEF6ED902B}.Debug|Any CPU.ActiveCfg = Debug|Any CPU
		{3DAB6E10-8607-43B8-9C57-78CEF6ED902B}.Debug|Any CPU.Build.0 = Debug|Any CPU
		{3DAB6E10-8607-43B8-9C57-78CEF6ED902B}.Debug|Any CPU.Deploy.0 = Debug|Any CPU
		{3DAB6E10-8607-43B8-9C57-78CEF6ED902B}.Debug|iPhone.ActiveCfg = Debug|Any CPU
		{3DAB6E10-8607-43B8-9C57-78CEF6ED902B}.Debug|iPhone.Build.0 = Debug|Any CPU
		{3DAB6E10-8607-43B8-9C57-78CEF6ED902B}.Debug|iPhone.Deploy.0 = Debug|Any CPU
		{3DAB6E10-8607-43B8-9C57-78CEF6ED902B}.Debug|iPhoneSimulator.ActiveCfg = Debug|Any CPU
		{3DAB6E10-8607-43B8-9C57-78CEF6ED902B}.Debug|iPhoneSimulator.Build.0 = Debug|Any CPU
		{3DAB6E10-8607-43B8-9C57-78CEF6ED902B}.Debug|iPhoneSimulator.Deploy.0 = Debug|Any CPU
		{3DAB6E10-8607-43B8-9C57-78CEF6ED902B}.Release|Any CPU.ActiveCfg = Release|Any CPU
		{3DAB6E10-8607-43B8-9C57-78CEF6ED902B}.Release|Any CPU.Build.0 = Release|Any CPU
		{3DAB6E10-8607-43B8-9C57-78CEF6ED902B}.Release|Any CPU.Deploy.0 = Release|Any CPU
		{3DAB6E10-8607-43B8-9C57-78CEF6ED902B}.Release|iPhone.ActiveCfg = Release|Any CPU
		{3DAB6E10-8607-43B8-9C57-78CEF6ED902B}.Release|iPhone.Build.0 = Release|Any CPU
		{3DAB6E10-8607-43B8-9C57-78CEF6ED902B}.Release|iPhone.Deploy.0 = Release|Any CPU
		{3DAB6E10-8607-43B8-9C57-78CEF6ED902B}.Release|iPhoneSimulator.ActiveCfg = Release|Any CPU
		{3DAB6E10-8607-43B8-9C57-78CEF6ED902B}.Release|iPhoneSimulator.Build.0 = Release|Any CPU
		{3DAB6E10-8607-43B8-9C57-78CEF6ED902B}.Release|iPhoneSimulator.Deploy.0 = Release|Any CPU
	EndGlobalSection
	GlobalSection(SolutionProperties) = preSolution
		HideSolutionNode = FALSE
	EndGlobalSection
	GlobalSection(ExtensibilityGlobals) = postSolution
		SolutionGuid = {60C2AE83-A02C-4EC4-B0FF-D03F770C2FC0}
	EndGlobalSection
EndGlobal
